// !$*UTF8*$!
{
	archiveVersion = 1;
	classes = {
	};
	objectVersion = 46;
	objects = {

/* Begin PBXBuildFile section */
		013F483C9273CD72DA9D33E3 /* libsdl2.a in Frameworks */ = {isa = PBXBuildFile; fileRef = EA024516B6400E02FC3FD6FB /* libsdl2.a */; };
		01532DAA137C099F0076F6BF /* icon.png in Resources */ = {isa = PBXBuildFile; fileRef = 01532DA9137C099F0076F6BF /* icon.png */; };
		03D54AEC820BA578DAFDBA23 /* UIKit.framework in Frameworks */ = {isa = PBXBuildFile; fileRef = 8AE9461F967179FDA1E2E639 /* UIKit.framework */; };
		04DA402EA08B98A46B36AB33 /* libc++.tbd in Frameworks */ = {isa = PBXBuildFile; fileRef = B6284C68B07950C42EC314A6 /* libc++.tbd */; };
		0B2F4BA09AF66215A8A12ED2 /* CoreMedia.framework in Frameworks */ = {isa = PBXBuildFile; fileRef = 696B47B3AB73B136CA75F6E3 /* CoreMedia.framework */; };
		0DCE4E0C9ACB9FDC91F39129 /* CoreVideo.framework in Frameworks */ = {isa = PBXBuildFile; fileRef = 294D44559F1808AFDD9052AA /* CoreVideo.framework */; };
		0FF94ED5808484BEF57C394E /* libffi.a in Frameworks */ = {isa = PBXBuildFile; fileRef = 3E0C425DA89EA6198828A6AB /* libffi.a */; };
		1D60589B0D05DD56006BFB54 /* main.m in Sources */ = {isa = PBXBuildFile; fileRef = 29B97316FDCFA39411CA2CEA /* main.m */; };
		23684D1FA0B4DED8E7F83C9C /* ImageIO.framework in Frameworks */ = {isa = PBXBuildFile; fileRef = 259E42C2BEAAFA51686AF47C /* ImageIO.framework */; };
		252A4AA5935CC92C6B79D537 /* libssl.a in Frameworks */ = {isa = PBXBuildFile; fileRef = 84824F0FB14357D27A946165 /* libssl.a */; };
		2CB5F34717D5233A006187AB /* bridge.m in Sources */ = {isa = PBXBuildFile; fileRef = 2CB5F34617D5233A006187AB /* bridge.m */; };
		30204AC0874D7CFB66A0A64A /* Accelerate.framework in Frameworks */ = {isa = PBXBuildFile; fileRef = E2464892AFB108C63CFE2D00 /* Accelerate.framework */; };
		4FA14FD2A7FBFB0C2DB25BB2 /* libios.a in Frameworks */ = {isa = PBXBuildFile; fileRef = F1F2486483AA67FE57BC39F8 /* libios.a */; };
		51124FBCA135FE76C5C18B39 /* Metal.framework in Frameworks */ = {isa = PBXBuildFile; fileRef = B73446F3BD2F03B087CF3B5F /* Metal.framework */; };
		5924445DABF81FA5F728F375 /* libsdl2_ttf.a in Frameworks */ = {isa = PBXBuildFile; fileRef = 4EDE4338A2ACC9D67021B2C2 /* libsdl2_ttf.a */; };
		59738AB51A8BB5D8001B2C0C /* lib in Resources */ = {isa = PBXBuildFile; fileRef = 59738AB41A8BB5D8001B2C0C /* lib */; };
		59738ABB1A8E19AA001B2C0C /* Images.xcassets in Resources */ = {isa = PBXBuildFile; fileRef = 59738ABA1A8E19AA001B2C0C /* Images.xcassets */; };
		59738ADB1A8E62D6001B2C0C /* Default-568h@2x.png in Resources */ = {isa = PBXBuildFile; fileRef = 59738AD01A8E62D6001B2C0C /* Default-568h@2x.png */; };
		59738ADC1A8E62D6001B2C0C /* Default-667h@2x.png in Resources */ = {isa = PBXBuildFile; fileRef = 59738AD11A8E62D6001B2C0C /* Default-667h@2x.png */; };
		59738ADD1A8E62D6001B2C0C /* Default-763h@3x.png in Resources */ = {isa = PBXBuildFile; fileRef = 59738AD21A8E62D6001B2C0C /* Default-763h@3x.png */; };
		59738ADE1A8E62D6001B2C0C /* Default-Landscape.png in Resources */ = {isa = PBXBuildFile; fileRef = 59738AD31A8E62D6001B2C0C /* Default-Landscape.png */; };
		59738ADF1A8E62D6001B2C0C /* Default-Landscape@2x.png in Resources */ = {isa = PBXBuildFile; fileRef = 59738AD41A8E62D6001B2C0C /* Default-Landscape@2x.png */; };
		59738AE01A8E62D6001B2C0C /* Default-Portrait.png in Resources */ = {isa = PBXBuildFile; fileRef = 59738AD51A8E62D6001B2C0C /* Default-Portrait.png */; };
		59738AE11A8E62D6001B2C0C /* Default-Portrait@2x~ipad.png in Resources */ = {isa = PBXBuildFile; fileRef = 59738AD61A8E62D6001B2C0C /* Default-Portrait@2x~ipad.png */; };
		59738AE21A8E62D6001B2C0C /* Default-Portrait@3x~ipad.png in Resources */ = {isa = PBXBuildFile; fileRef = 59738AD71A8E62D6001B2C0C /* Default-Portrait@3x~ipad.png */; };
		59738AE31A8E62D6001B2C0C /* Default.png in Resources */ = {isa = PBXBuildFile; fileRef = 59738AD81A8E62D6001B2C0C /* Default.png */; };
		59738AE41A8E62D6001B2C0C /* Default@2x.png in Resources */ = {isa = PBXBuildFile; fileRef = 59738AD91A8E62D6001B2C0C /* Default@2x.png */; };
		59738AE51A8E62D6001B2C0C /* Default@3x.png in Resources */ = {isa = PBXBuildFile; fileRef = 59738ADA1A8E62D6001B2C0C /* Default@3x.png */; };
		59994E3B148E85C800863906 /* YourApp in Resources */ = {isa = PBXBuildFile; fileRef = 59994E3A148E85C800863906 /* YourApp */; };
		59FDEA8B21E7D34E004E6ECE /* include in Resources */ = {isa = PBXBuildFile; fileRef = 59FDEA8A21E7D34E004E6ECE /* include */; };
		5CB4408F90B7FEFDC3AE7B37 /* QuartzCore.framework in Frameworks */ = {isa = PBXBuildFile; fileRef = 96A4436FA8FF016EBB69CA1C /* QuartzCore.framework */; };
		61644499B2CB01BACFB6368A /* CoreGraphics.framework in Frameworks */ = {isa = PBXBuildFile; fileRef = 110E4317BCC3CD15CB81F231 /* CoreGraphics.framework */; };
		73EC404EAB46E5F547DD1CDB /* libsdl2_image.a in Frameworks */ = {isa = PBXBuildFile; fileRef = 23FE4795808F898646D631FE /* libsdl2_image.a */; };
		86A2476FA7CFE014C127AB7C /* libsdl2_mixer.a in Frameworks */ = {isa = PBXBuildFile; fileRef = C9C348949B4F94DA55386741 /* libsdl2_mixer.a */; };
		8C534EEE90375E13C1055E99 /* Photos.framework in Frameworks */ = {isa = PBXBuildFile; fileRef = B21448BC8D560EF2A94CE5AE /* Photos.framework */; };
		8F38409BA61D121F12FFA22B /* AVFoundation.framework in Frameworks */ = {isa = PBXBuildFile; fileRef = 52C040F38DD3DFE9EDEB1EBC /* AVFoundation.framework */; };
		92784E519645A020FD34E85E /* CoreMotion.framework in Frameworks */ = {isa = PBXBuildFile; fileRef = DA2142DE84071D15330C73A5 /* CoreMotion.framework */; };
		94FA43658B20000C6EEDBAE8 /* libcrypto.a in Frameworks */ = {isa = PBXBuildFile; fileRef = 14F24BD2BB86163A0AB926AA /* libcrypto.a */; };
		9A38438DAF8B9499EE0B289B /* libbz2.tbd in Frameworks */ = {isa = PBXBuildFile; fileRef = C0914B219E74AB1F2E29FECC /* libbz2.tbd */; };
		AD8C46859DA40964372D2184 /* AudioToolbox.framework in Frameworks */ = {isa = PBXBuildFile; fileRef = 7AA9496D960224572AB2F954 /* AudioToolbox.framework */; };
		B0584A749BCB17826E9264E1 /* libkivy.a in Frameworks */ = {isa = PBXBuildFile; fileRef = 83734217BB3A2D6ABE18ECF2 /* libkivy.a */; };
		B40E4D2894B55A48F5EAC4FC /* libsqlite3.tbd in Frameworks */ = {isa = PBXBuildFile; fileRef = 8D1C4F1EB770A5A57A08AD89 /* libsqlite3.tbd */; };
		B43047FBA1CDF7D5A72ACF03 /* MobileCoreServices.framework in Frameworks */ = {isa = PBXBuildFile; fileRef = 80B849EB9F83E9FC9ED7D4C0 /* MobileCoreServices.framework */; };
		B70D4653A628D1BB9BF7FE34 /* libpython3.a in Frameworks */ = {isa = PBXBuildFile; fileRef = 68814EA88952E158A8077591 /* libpython3.a */; };
		B9924F8DA5061929CAEA9B49 /* WebKit.framework in Frameworks */ = {isa = PBXBuildFile; fileRef = FD2E410EB049E68E2CAFAD8D /* WebKit.framework */; };
		BD0644D79B65E5776CD74016 /* libfreetype.a in Frameworks */ = {isa = PBXBuildFile; fileRef = 761047F59BF140A3324955E3 /* libfreetype.a */; };
		C11D49E285F0A10613C94CB4 /* MessageUI.framework in Frameworks */ = {isa = PBXBuildFile; fileRef = 72054A658B8589C676C9CAF4 /* MessageUI.framework */; };
		C24B4973BC538F975D8095B8 /* libaudiostream.a in Frameworks */ = {isa = PBXBuildFile; fileRef = D3624B9582AB81C378F066DC /* libaudiostream.a */; };
		CE4D499F9C6C352A451F3555 /* libpyobjus.a in Frameworks */ = {isa = PBXBuildFile; fileRef = FB2D486C97ECC135D517A80E /* libpyobjus.a */; };
		ED9E4B0D846CC5D1FF28C079 /* OpenGLES.framework in Frameworks */ = {isa = PBXBuildFile; fileRef = 57034E59B11C82E5D35ACEA4 /* OpenGLES.framework */; };
		F48442AFA8B159D653FEA196 /* GameController.framework in Frameworks */ = {isa = PBXBuildFile; fileRef = 02E6465A9D5895D43D373C84 /* GameController.framework */; };
		FBFB483F8C794F9ED5547B3A /* libz.tbd in Frameworks */ = {isa = PBXBuildFile; fileRef = CB484795A3F28270A24CB343 /* libz.tbd */; };
/* End PBXBuildFile section */

/* Begin PBXFileReference section */
		01532DA9137C099F0076F6BF /* icon.png */ = {isa = PBXFileReference; lastKnownFileType = image.png; path = icon.png; sourceTree = "<group>"; };
		02E6465A9D5895D43D373C84 /* GameController.framework */ = {isa = PBXFileReference; lastKnownFileType = wrapper.framework; name = GameController.framework; path = /Applications/Xcode.app/Contents/Developer/Platforms/iPhoneSimulator.platform/Developer/SDKs/iPhoneSimulator16.2.sdk/System/Library/Frameworks/GameController.framework; sourceTree = "<absolute>"; };
		110E4317BCC3CD15CB81F231 /* CoreGraphics.framework */ = {isa = PBXFileReference; lastKnownFileType = wrapper.framework; name = CoreGraphics.framework; path = /Applications/Xcode.app/Contents/Developer/Platforms/iPhoneSimulator.platform/Developer/SDKs/iPhoneSimulator16.2.sdk/System/Library/Frameworks/CoreGraphics.framework; sourceTree = "<absolute>"; };
		14F24BD2BB86163A0AB926AA /* libcrypto.a */ = {isa = PBXFileReference; lastKnownFileType = archive.ar; name = libcrypto.a; path = ../dist/lib/libcrypto.a; sourceTree = SOURCE_ROOT; };
		1D6058910D05DD3D006BFB54 /* mrbeat.app */ = {isa = PBXFileReference; explicitFileType = wrapper.application; includeInIndex = 0; path = mrbeat.app; sourceTree = BUILT_PRODUCTS_DIR; };
		23FE4795808F898646D631FE /* libsdl2_image.a */ = {isa = PBXFileReference; lastKnownFileType = archive.ar; name = libsdl2_image.a; path = ../dist/lib/libsdl2_image.a; sourceTree = SOURCE_ROOT; };
		259E42C2BEAAFA51686AF47C /* ImageIO.framework */ = {isa = PBXFileReference; lastKnownFileType = wrapper.framework; name = ImageIO.framework; path = /Applications/Xcode.app/Contents/Developer/Platforms/iPhoneSimulator.platform/Developer/SDKs/iPhoneSimulator16.2.sdk/System/Library/Frameworks/ImageIO.framework; sourceTree = "<absolute>"; };
		294D44559F1808AFDD9052AA /* CoreVideo.framework */ = {isa = PBXFileReference; lastKnownFileType = wrapper.framework; name = CoreVideo.framework; path = /Applications/Xcode.app/Contents/Developer/Platforms/iPhoneSimulator.platform/Developer/SDKs/iPhoneSimulator16.2.sdk/System/Library/Frameworks/CoreVideo.framework; sourceTree = "<absolute>"; };
		29B97316FDCFA39411CA2CEA /* main.m */ = {isa = PBXFileReference; fileEncoding = 4; lastKnownFileType = sourcecode.c.objc; path = main.m; sourceTree = "<group>"; };
		2CB5F34517D5233A006187AB /* bridge.h */ = {isa = PBXFileReference; fileEncoding = 4; lastKnownFileType = sourcecode.c.h; path = bridge.h; sourceTree = SOURCE_ROOT; };
		2CB5F34617D5233A006187AB /* bridge.m */ = {isa = PBXFileReference; fileEncoding = 4; lastKnownFileType = sourcecode.c.objc; path = bridge.m; sourceTree = SOURCE_ROOT; };
		3E0C425DA89EA6198828A6AB /* libffi.a */ = {isa = PBXFileReference; lastKnownFileType = archive.ar; name = libffi.a; path = ../dist/lib/libffi.a; sourceTree = SOURCE_ROOT; };
		4EDE4338A2ACC9D67021B2C2 /* libsdl2_ttf.a */ = {isa = PBXFileReference; lastKnownFileType = archive.ar; name = libsdl2_ttf.a; path = ../dist/lib/libsdl2_ttf.a; sourceTree = SOURCE_ROOT; };
		52C040F38DD3DFE9EDEB1EBC /* AVFoundation.framework */ = {isa = PBXFileReference; lastKnownFileType = wrapper.framework; name = AVFoundation.framework; path = /Applications/Xcode.app/Contents/Developer/Platforms/iPhoneSimulator.platform/Developer/SDKs/iPhoneSimulator16.2.sdk/System/Library/Frameworks/AVFoundation.framework; sourceTree = "<absolute>"; };
		57034E59B11C82E5D35ACEA4 /* OpenGLES.framework */ = {isa = PBXFileReference; lastKnownFileType = wrapper.framework; name = OpenGLES.framework; path = /Applications/Xcode.app/Contents/Developer/Platforms/iPhoneSimulator.platform/Developer/SDKs/iPhoneSimulator16.2.sdk/System/Library/Frameworks/OpenGLES.framework; sourceTree = "<absolute>"; };
		59738AB41A8BB5D8001B2C0C /* lib */ = {isa = PBXFileReference; lastKnownFileType = folder; name = lib; path = /Users/alejandramt/Desktop/python_ios_build/dist/root/python3/lib; sourceTree = "<group>"; };
		59738ABA1A8E19AA001B2C0C /* Images.xcassets */ = {isa = PBXFileReference; lastKnownFileType = folder.assetcatalog; name = Images.xcassets; path = mrbeat/Images.xcassets; sourceTree = "<group>"; };
		59738AD01A8E62D6001B2C0C /* Default-568h@2x.png */ = {isa = PBXFileReference; lastKnownFileType = image.png; name = "Default-568h@2x.png"; path = "LaunchImages/Default-568h@2x.png"; sourceTree = "<group>"; };
		59738AD11A8E62D6001B2C0C /* Default-667h@2x.png */ = {isa = PBXFileReference; lastKnownFileType = image.png; name = "Default-667h@2x.png"; path = "LaunchImages/Default-667h@2x.png"; sourceTree = "<group>"; };
		59738AD21A8E62D6001B2C0C /* Default-763h@3x.png */ = {isa = PBXFileReference; lastKnownFileType = image.png; name = "Default-763h@3x.png"; path = "LaunchImages/Default-763h@3x.png"; sourceTree = "<group>"; };
		59738AD31A8E62D6001B2C0C /* Default-Landscape.png */ = {isa = PBXFileReference; lastKnownFileType = image.png; name = "Default-Landscape.png"; path = "LaunchImages/Default-Landscape.png"; sourceTree = "<group>"; };
		59738AD41A8E62D6001B2C0C /* Default-Landscape@2x.png */ = {isa = PBXFileReference; lastKnownFileType = image.png; name = "Default-Landscape@2x.png"; path = "LaunchImages/Default-Landscape@2x.png"; sourceTree = "<group>"; };
		59738AD51A8E62D6001B2C0C /* Default-Portrait.png */ = {isa = PBXFileReference; lastKnownFileType = image.png; name = "Default-Portrait.png"; path = "LaunchImages/Default-Portrait.png"; sourceTree = "<group>"; };
		59738AD61A8E62D6001B2C0C /* Default-Portrait@2x~ipad.png */ = {isa = PBXFileReference; lastKnownFileType = image.png; name = "Default-Portrait@2x~ipad.png"; path = "LaunchImages/Default-Portrait@2x~ipad.png"; sourceTree = "<group>"; };
		59738AD71A8E62D6001B2C0C /* Default-Portrait@3x~ipad.png */ = {isa = PBXFileReference; lastKnownFileType = image.png; name = "Default-Portrait@3x~ipad.png"; path = "LaunchImages/Default-Portrait@3x~ipad.png"; sourceTree = "<group>"; };
		59738AD81A8E62D6001B2C0C /* Default.png */ = {isa = PBXFileReference; lastKnownFileType = image.png; name = Default.png; path = LaunchImages/Default.png; sourceTree = "<group>"; };
		59738AD91A8E62D6001B2C0C /* Default@2x.png */ = {isa = PBXFileReference; lastKnownFileType = image.png; name = "Default@2x.png"; path = "LaunchImages/Default@2x.png"; sourceTree = "<group>"; };
		59738ADA1A8E62D6001B2C0C /* Default@3x.png */ = {isa = PBXFileReference; lastKnownFileType = image.png; name = "Default@3x.png"; path = "LaunchImages/Default@3x.png"; sourceTree = "<group>"; };
		59994E3A148E85C800863906 /* YourApp */ = {isa = PBXFileReference; lastKnownFileType = folder; path = YourApp; sourceTree = "<group>"; };
		59FDEA8A21E7D34E004E6ECE /* include */ = {isa = PBXFileReference; lastKnownFileType = folder; name = include; path = /Users/alejandramt/Desktop/python_ios_build/dist/root/python3/include; sourceTree = "<group>"; };
		68814EA88952E158A8077591 /* libpython3.a */ = {isa = PBXFileReference; lastKnownFileType = archive.ar; name = libpython3.a; path = ../dist/lib/libpython3.a; sourceTree = SOURCE_ROOT; };
		696B47B3AB73B136CA75F6E3 /* CoreMedia.framework */ = {isa = PBXFileReference; lastKnownFileType = wrapper.framework; name = CoreMedia.framework; path = /Applications/Xcode.app/Contents/Developer/Platforms/iPhoneSimulator.platform/Developer/SDKs/iPhoneSimulator16.2.sdk/System/Library/Frameworks/CoreMedia.framework; sourceTree = "<absolute>"; };
		72054A658B8589C676C9CAF4 /* MessageUI.framework */ = {isa = PBXFileReference; lastKnownFileType = wrapper.framework; name = MessageUI.framework; path = /Applications/Xcode.app/Contents/Developer/Platforms/iPhoneSimulator.platform/Developer/SDKs/iPhoneSimulator16.2.sdk/System/Library/Frameworks/MessageUI.framework; sourceTree = "<absolute>"; };
		761047F59BF140A3324955E3 /* libfreetype.a */ = {isa = PBXFileReference; lastKnownFileType = archive.ar; name = libfreetype.a; path = ../dist/lib/libfreetype.a; sourceTree = SOURCE_ROOT; };
		7AA9496D960224572AB2F954 /* AudioToolbox.framework */ = {isa = PBXFileReference; lastKnownFileType = wrapper.framework; name = AudioToolbox.framework; path = /Applications/Xcode.app/Contents/Developer/Platforms/iPhoneSimulator.platform/Developer/SDKs/iPhoneSimulator16.2.sdk/System/Library/Frameworks/AudioToolbox.framework; sourceTree = "<absolute>"; };
		80B849EB9F83E9FC9ED7D4C0 /* MobileCoreServices.framework */ = {isa = PBXFileReference; lastKnownFileType = wrapper.framework; name = MobileCoreServices.framework; path = /Applications/Xcode.app/Contents/Developer/Platforms/iPhoneSimulator.platform/Developer/SDKs/iPhoneSimulator16.2.sdk/System/Library/Frameworks/MobileCoreServices.framework; sourceTree = "<absolute>"; };
		83734217BB3A2D6ABE18ECF2 /* libkivy.a */ = {isa = PBXFileReference; lastKnownFileType = archive.ar; name = libkivy.a; path = ../dist/lib/libkivy.a; sourceTree = SOURCE_ROOT; };
		84824F0FB14357D27A946165 /* libssl.a */ = {isa = PBXFileReference; lastKnownFileType = archive.ar; name = libssl.a; path = ../dist/lib/libssl.a; sourceTree = SOURCE_ROOT; };
		8AE9461F967179FDA1E2E639 /* UIKit.framework */ = {isa = PBXFileReference; lastKnownFileType = wrapper.framework; name = UIKit.framework; path = /Applications/Xcode.app/Contents/Developer/Platforms/iPhoneSimulator.platform/Developer/SDKs/iPhoneSimulator16.2.sdk/System/Library/Frameworks/UIKit.framework; sourceTree = "<absolute>"; };
		8D1107310486CEB800E47090 /* mrbeat-Info.plist */ = {isa = PBXFileReference; fileEncoding = 4; lastKnownFileType = text.plist.xml; path = "mrbeat-Info.plist"; plistStructureDefinitionIdentifier = "com.apple.xcode.plist.structure-definition.iphone.info-plist"; sourceTree = "<group>"; };
		8D1C4F1EB770A5A57A08AD89 /* libsqlite3.tbd */ = {isa = PBXFileReference; lastKnownFileType = "sourcecode.text-based-dylib-definition"; name = libsqlite3.tbd; path = /Applications/Xcode.app/Contents/Developer/Platforms/iPhoneSimulator.platform/Developer/SDKs/iPhoneSimulator16.2.sdk/usr/lib/libsqlite3.tbd; sourceTree = "<absolute>"; };
		96A4436FA8FF016EBB69CA1C /* QuartzCore.framework */ = {isa = PBXFileReference; lastKnownFileType = wrapper.framework; name = QuartzCore.framework; path = /Applications/Xcode.app/Contents/Developer/Platforms/iPhoneSimulator.platform/Developer/SDKs/iPhoneSimulator16.2.sdk/System/Library/Frameworks/QuartzCore.framework; sourceTree = "<absolute>"; };
		B21448BC8D560EF2A94CE5AE /* Photos.framework */ = {isa = PBXFileReference; lastKnownFileType = wrapper.framework; name = Photos.framework; path = /Applications/Xcode.app/Contents/Developer/Platforms/iPhoneSimulator.platform/Developer/SDKs/iPhoneSimulator16.2.sdk/System/Library/Frameworks/Photos.framework; sourceTree = "<absolute>"; };
		B6284C68B07950C42EC314A6 /* libc++.tbd */ = {isa = PBXFileReference; lastKnownFileType = "sourcecode.text-based-dylib-definition"; name = "libc++.tbd"; path = "/Applications/Xcode.app/Contents/Developer/Platforms/iPhoneSimulator.platform/Developer/SDKs/iPhoneSimulator16.2.sdk/usr/lib/libc++.tbd"; sourceTree = "<absolute>"; };
		B73446F3BD2F03B087CF3B5F /* Metal.framework */ = {isa = PBXFileReference; lastKnownFileType = wrapper.framework; name = Metal.framework; path = /Applications/Xcode.app/Contents/Developer/Platforms/iPhoneSimulator.platform/Developer/SDKs/iPhoneSimulator16.2.sdk/System/Library/Frameworks/Metal.framework; sourceTree = "<absolute>"; };
		C0914B219E74AB1F2E29FECC /* libbz2.tbd */ = {isa = PBXFileReference; lastKnownFileType = "sourcecode.text-based-dylib-definition"; name = libbz2.tbd; path = /Applications/Xcode.app/Contents/Developer/Platforms/iPhoneSimulator.platform/Developer/SDKs/iPhoneSimulator16.2.sdk/usr/lib/libbz2.tbd; sourceTree = "<absolute>"; };
		C9C348949B4F94DA55386741 /* libsdl2_mixer.a */ = {isa = PBXFileReference; lastKnownFileType = archive.ar; name = libsdl2_mixer.a; path = ../dist/lib/libsdl2_mixer.a; sourceTree = SOURCE_ROOT; };
		CB484795A3F28270A24CB343 /* libz.tbd */ = {isa = PBXFileReference; lastKnownFileType = "sourcecode.text-based-dylib-definition"; name = libz.tbd; path = /Applications/Xcode.app/Contents/Developer/Platforms/iPhoneSimulator.platform/Developer/SDKs/iPhoneSimulator16.2.sdk/usr/lib/libz.tbd; sourceTree = "<absolute>"; };
		D3624B9582AB81C378F066DC /* libaudiostream.a */ = {isa = PBXFileReference; lastKnownFileType = archive.ar; name = libaudiostream.a; path = ../dist/lib/libaudiostream.a; sourceTree = SOURCE_ROOT; };
		DA2142DE84071D15330C73A5 /* CoreMotion.framework */ = {isa = PBXFileReference; lastKnownFileType = wrapper.framework; name = CoreMotion.framework; path = /Applications/Xcode.app/Contents/Developer/Platforms/iPhoneSimulator.platform/Developer/SDKs/iPhoneSimulator16.2.sdk/System/Library/Frameworks/CoreMotion.framework; sourceTree = "<absolute>"; };
		E2464892AFB108C63CFE2D00 /* Accelerate.framework */ = {isa = PBXFileReference; lastKnownFileType = wrapper.framework; name = Accelerate.framework; path = /Applications/Xcode.app/Contents/Developer/Platforms/iPhoneSimulator.platform/Developer/SDKs/iPhoneSimulator16.2.sdk/System/Library/Frameworks/Accelerate.framework; sourceTree = "<absolute>"; };
		EA024516B6400E02FC3FD6FB /* libsdl2.a */ = {isa = PBXFileReference; lastKnownFileType = archive.ar; name = libsdl2.a; path = ../dist/lib/libsdl2.a; sourceTree = SOURCE_ROOT; };
		F1F2486483AA67FE57BC39F8 /* libios.a */ = {isa = PBXFileReference; lastKnownFileType = archive.ar; name = libios.a; path = ../dist/lib/libios.a; sourceTree = SOURCE_ROOT; };
		FB2D486C97ECC135D517A80E /* libpyobjus.a */ = {isa = PBXFileReference; lastKnownFileType = archive.ar; name = libpyobjus.a; path = ../dist/lib/libpyobjus.a; sourceTree = SOURCE_ROOT; };
		FD2E410EB049E68E2CAFAD8D /* WebKit.framework */ = {isa = PBXFileReference; lastKnownFileType = wrapper.framework; name = WebKit.framework; path = /Applications/Xcode.app/Contents/Developer/Platforms/iPhoneSimulator.platform/Developer/SDKs/iPhoneSimulator16.2.sdk/System/Library/Frameworks/WebKit.framework; sourceTree = "<absolute>"; };
/* End PBXFileReference section */

/* Begin PBXFrameworksBuildPhase section */
		1D60588F0D05DD3D006BFB54 /* Frameworks */ = {
			isa = PBXFrameworksBuildPhase;
			buildActionMask = 2147483647;
			files = (
				0DCE4E0C9ACB9FDC91F39129 /* CoreVideo.framework in Frameworks */,
				5CB4408F90B7FEFDC3AE7B37 /* QuartzCore.framework in Frameworks */,
				B43047FBA1CDF7D5A72ACF03 /* MobileCoreServices.framework in Frameworks */,
				8C534EEE90375E13C1055E99 /* Photos.framework in Frameworks */,
				B9924F8DA5061929CAEA9B49 /* WebKit.framework in Frameworks */,
				F48442AFA8B159D653FEA196 /* GameController.framework in Frameworks */,
				23684D1FA0B4DED8E7F83C9C /* ImageIO.framework in Frameworks */,
				30204AC0874D7CFB66A0A64A /* Accelerate.framework in Frameworks */,
				8F38409BA61D121F12FFA22B /* AVFoundation.framework in Frameworks */,
				92784E519645A020FD34E85E /* CoreMotion.framework in Frameworks */,
				0B2F4BA09AF66215A8A12ED2 /* CoreMedia.framework in Frameworks */,
				61644499B2CB01BACFB6368A /* CoreGraphics.framework in Frameworks */,
				03D54AEC820BA578DAFDBA23 /* UIKit.framework in Frameworks */,
				AD8C46859DA40964372D2184 /* AudioToolbox.framework in Frameworks */,
				51124FBCA135FE76C5C18B39 /* Metal.framework in Frameworks */,
				ED9E4B0D846CC5D1FF28C079 /* OpenGLES.framework in Frameworks */,
				C11D49E285F0A10613C94CB4 /* MessageUI.framework in Frameworks */,
				B40E4D2894B55A48F5EAC4FC /* libsqlite3.tbd in Frameworks */,
				FBFB483F8C794F9ED5547B3A /* libz.tbd in Frameworks */,
				9A38438DAF8B9499EE0B289B /* libbz2.tbd in Frameworks */,
				04DA402EA08B98A46B36AB33 /* libc++.tbd in Frameworks */,
				B0584A749BCB17826E9264E1 /* libkivy.a in Frameworks */,
				73EC404EAB46E5F547DD1CDB /* libsdl2_image.a in Frameworks */,
				86A2476FA7CFE014C127AB7C /* libsdl2_mixer.a in Frameworks */,
				252A4AA5935CC92C6B79D537 /* libssl.a in Frameworks */,
				0FF94ED5808484BEF57C394E /* libffi.a in Frameworks */,
				4FA14FD2A7FBFB0C2DB25BB2 /* libios.a in Frameworks */,
				CE4D499F9C6C352A451F3555 /* libpyobjus.a in Frameworks */,
				013F483C9273CD72DA9D33E3 /* libsdl2.a in Frameworks */,
				5924445DABF81FA5F728F375 /* libsdl2_ttf.a in Frameworks */,
				94FA43658B20000C6EEDBAE8 /* libcrypto.a in Frameworks */,
				B70D4653A628D1BB9BF7FE34 /* libpython3.a in Frameworks */,
				BD0644D79B65E5776CD74016 /* libfreetype.a in Frameworks */,
				C24B4973BC538F975D8095B8 /* libaudiostream.a in Frameworks */,
			);
			runOnlyForDeploymentPostprocessing = 0;
		};
/* End PBXFrameworksBuildPhase section */

/* Begin PBXGroup section */
		080E96DDFE201D6D7F000001 /* Classes */ = {
			isa = PBXGroup;
			children = (
				2CB5F34517D5233A006187AB /* bridge.h */,
				2CB5F34617D5233A006187AB /* bridge.m */,
			);
			path = Classes;
			sourceTree = "<group>";
		};
		19C28FACFE9D520D11CA2CBB /* Products */ = {
			isa = PBXGroup;
			children = (
				1D6058910D05DD3D006BFB54 /* mrbeat.app */,
			);
			name = Products;
			sourceTree = "<group>";
		};
		29B97314FDCFA39411CA2CEA /* CustomTemplate */ = {
			isa = PBXGroup;
			children = (
				080E96DDFE201D6D7F000001 /* Classes */,
				29B97315FDCFA39411CA2CEA /* Sources */,
				29B97317FDCFA39411CA2CEA /* Resources */,
				29B97323FDCFA39411CA2CEA /* Frameworks */,
				19C28FACFE9D520D11CA2CBB /* Products */,
			);
			name = CustomTemplate;
			sourceTree = "<group>";
		};
		29B97315FDCFA39411CA2CEA /* Sources */ = {
			isa = PBXGroup;
			children = (
				29B97316FDCFA39411CA2CEA /* main.m */,
				59994E3A148E85C800863906 /* YourApp */,
			);
			name = Sources;
			sourceTree = "<group>";
		};
		29B97317FDCFA39411CA2CEA /* Resources */ = {
			isa = PBXGroup;
			children = (
				59738ABA1A8E19AA001B2C0C /* Images.xcassets */,
				59738AB41A8BB5D8001B2C0C /* lib */,
				59FDEA8A21E7D34E004E6ECE /* include */,
				01532DA9137C099F0076F6BF /* icon.png */,
				8D1107310486CEB800E47090 /* mrbeat-Info.plist */,
				59738AD01A8E62D6001B2C0C /* Default-568h@2x.png */,
				59738AD11A8E62D6001B2C0C /* Default-667h@2x.png */,
				59738AD21A8E62D6001B2C0C /* Default-763h@3x.png */,
				59738AD31A8E62D6001B2C0C /* Default-Landscape.png */,
				59738AD41A8E62D6001B2C0C /* Default-Landscape@2x.png */,
				59738AD51A8E62D6001B2C0C /* Default-Portrait.png */,
				59738AD61A8E62D6001B2C0C /* Default-Portrait@2x~ipad.png */,
				59738AD71A8E62D6001B2C0C /* Default-Portrait@3x~ipad.png */,
				59738AD81A8E62D6001B2C0C /* Default.png */,
				59738AD91A8E62D6001B2C0C /* Default@2x.png */,
				59738ADA1A8E62D6001B2C0C /* Default@3x.png */,
			);
			name = Resources;
			sourceTree = "<group>";
		};
		29B97323FDCFA39411CA2CEA /* Frameworks */ = {
			isa = PBXGroup;
			children = (
				294D44559F1808AFDD9052AA /* CoreVideo.framework */,
				96A4436FA8FF016EBB69CA1C /* QuartzCore.framework */,
				80B849EB9F83E9FC9ED7D4C0 /* MobileCoreServices.framework */,
				B21448BC8D560EF2A94CE5AE /* Photos.framework */,
				FD2E410EB049E68E2CAFAD8D /* WebKit.framework */,
				02E6465A9D5895D43D373C84 /* GameController.framework */,
				259E42C2BEAAFA51686AF47C /* ImageIO.framework */,
				E2464892AFB108C63CFE2D00 /* Accelerate.framework */,
				52C040F38DD3DFE9EDEB1EBC /* AVFoundation.framework */,
				DA2142DE84071D15330C73A5 /* CoreMotion.framework */,
				696B47B3AB73B136CA75F6E3 /* CoreMedia.framework */,
				110E4317BCC3CD15CB81F231 /* CoreGraphics.framework */,
				8AE9461F967179FDA1E2E639 /* UIKit.framework */,
				7AA9496D960224572AB2F954 /* AudioToolbox.framework */,
				B73446F3BD2F03B087CF3B5F /* Metal.framework */,
				57034E59B11C82E5D35ACEA4 /* OpenGLES.framework */,
				72054A658B8589C676C9CAF4 /* MessageUI.framework */,
				8D1C4F1EB770A5A57A08AD89 /* libsqlite3.tbd */,
				CB484795A3F28270A24CB343 /* libz.tbd */,
				C0914B219E74AB1F2E29FECC /* libbz2.tbd */,
				B6284C68B07950C42EC314A6 /* libc++.tbd */,
				83734217BB3A2D6ABE18ECF2 /* libkivy.a */,
				23FE4795808F898646D631FE /* libsdl2_image.a */,
				C9C348949B4F94DA55386741 /* libsdl2_mixer.a */,
				84824F0FB14357D27A946165 /* libssl.a */,
				3E0C425DA89EA6198828A6AB /* libffi.a */,
				F1F2486483AA67FE57BC39F8 /* libios.a */,
				FB2D486C97ECC135D517A80E /* libpyobjus.a */,
				EA024516B6400E02FC3FD6FB /* libsdl2.a */,
				4EDE4338A2ACC9D67021B2C2 /* libsdl2_ttf.a */,
				14F24BD2BB86163A0AB926AA /* libcrypto.a */,
				68814EA88952E158A8077591 /* libpython3.a */,
				761047F59BF140A3324955E3 /* libfreetype.a */,
				D3624B9582AB81C378F066DC /* libaudiostream.a */,
			);
			name = Frameworks;
			sourceTree = "<group>";
		};
/* End PBXGroup section */

/* Begin PBXNativeTarget section */
		1D6058900D05DD3D006BFB54 /* mrbeat */ = {
			isa = PBXNativeTarget;
			buildConfigurationList = 1D6058960D05DD3E006BFB54 /* Build configuration list for PBXNativeTarget "mrbeat" */;
			buildPhases = (
				113D17E2153E3DB5001310A5 /* ShellScript */,
				113D17E2153E3DB5001310A6 /* ShellScript */,
				113D17E2153E3DB5001310A7 /* ShellScript */,
				1D60588D0D05DD3D006BFB54 /* Resources */,
				1D60588E0D05DD3D006BFB54 /* Sources */,
				1D60588F0D05DD3D006BFB54 /* Frameworks */,
			);
			buildRules = (
			);
			dependencies = (
			);
			name = mrbeat;
			productName = mrbeat;
			productReference = 1D6058910D05DD3D006BFB54 /* mrbeat.app */;
			productType = "com.apple.product-type.application";
		};
/* End PBXNativeTarget section */

/* Begin PBXProject section */
		29B97313FDCFA39411CA2CEA /* Project object */ = {
			isa = PBXProject;
			attributes = {
				LastUpgradeCheck = 0610;
				TargetAttributes = {
					1D6058900D05DD3D006BFB54 = {
						DevelopmentTeam = VDA99CT5ZL;
					};
				};
			};
			buildConfigurationList = C01FCF4E08A954540054247B /* Build configuration list for PBXProject "mrbeat" */;
			compatibilityVersion = "Xcode 3.2";
			developmentRegion = English;
			hasScannedForEncodings = 1;
			knownRegions = (
				English,
				Japanese,
				French,
				German,
			);
			mainGroup = 29B97314FDCFA39411CA2CEA /* CustomTemplate */;
			projectDirPath = "";
			projectRoot = "";
			targets = (
				1D6058900D05DD3D006BFB54 /* mrbeat */,
			);
		};
/* End PBXProject section */

/* Begin PBXResourcesBuildPhase section */
		1D60588D0D05DD3D006BFB54 /* Resources */ = {
			isa = PBXResourcesBuildPhase;
			buildActionMask = 2147483647;
			files = (
				59738AE41A8E62D6001B2C0C /* Default@2x.png in Resources */,
				59738AB51A8BB5D8001B2C0C /* lib in Resources */,
				59FDEA8B21E7D34E004E6ECE /* include in Resources */,
				59738ABB1A8E19AA001B2C0C /* Images.xcassets in Resources */,
				59738ADE1A8E62D6001B2C0C /* Default-Landscape.png in Resources */,
				59738AE31A8E62D6001B2C0C /* Default.png in Resources */,
				01532DAA137C099F0076F6BF /* icon.png in Resources */,
				59994E3B148E85C800863906 /* YourApp in Resources */,
				59738AE11A8E62D6001B2C0C /* Default-Portrait@2x~ipad.png in Resources */,
				59738AE01A8E62D6001B2C0C /* Default-Portrait.png in Resources */,
				59738ADC1A8E62D6001B2C0C /* Default-667h@2x.png in Resources */,
				59738ADB1A8E62D6001B2C0C /* Default-568h@2x.png in Resources */,
				59738ADD1A8E62D6001B2C0C /* Default-763h@3x.png in Resources */,
				59738AE21A8E62D6001B2C0C /* Default-Portrait@3x~ipad.png in Resources */,
				59738AE51A8E62D6001B2C0C /* Default@3x.png in Resources */,
				59738ADF1A8E62D6001B2C0C /* Default-Landscape@2x.png in Resources */,
			);
			runOnlyForDeploymentPostprocessing = 0;
		};
/* End PBXResourcesBuildPhase section */

/* Begin PBXShellScriptBuildPhase section */
		113D17E2153E3DB5001310A5 /* ShellScript */ = {
			isa = PBXShellScriptBuildPhase;
			buildActionMask = 12;
			files = (
			);
			inputPaths = (
			);
			outputPaths = (
			);
			runOnlyForDeploymentPostprocessing = 0;
			shellPath = /bin/bash;
			shellScript = "rsync -av --delete \"/Users/alejandramt/Desktop/python_ios_build/projects/mrbeat\"/ \"$PROJECT_DIR\"/YourApp";
		};
		113D17E2153E3DB5001310A6 /* ShellScript */ = {
			isa = PBXShellScriptBuildPhase;
			buildActionMask = 12;
			files = (
			);
			inputPaths = (
			);
			outputPaths = (
			);
			runOnlyForDeploymentPostprocessing = 0;
			shellPath = /bin/bash;
			shellScript = "/Users/alejandramt/Desktop/python_ios_build/dist/hostpython3/bin/python -m compileall -f -b \"$PROJECT_DIR\"/YourApp";
		};
		113D17E2153E3DB5001310A7 /* ShellScript */ = {
			isa = PBXShellScriptBuildPhase;
			buildActionMask = 12;
			files = (
			);
			inputPaths = (
			);
			outputPaths = (
			);
			runOnlyForDeploymentPostprocessing = 0;
			shellPath = /bin/bash;
			shellScript = "find \"$PROJECT_DIR\"/YourApp/ -regex '.*\\.py' -delete";
		};
/* End PBXShellScriptBuildPhase section */

/* Begin PBXSourcesBuildPhase section */
		1D60588E0D05DD3D006BFB54 /* Sources */ = {
			isa = PBXSourcesBuildPhase;
			buildActionMask = 2147483647;
			files = (
				1D60589B0D05DD56006BFB54 /* main.m in Sources */,
				2CB5F34717D5233A006187AB /* bridge.m in Sources */,
			);
			runOnlyForDeploymentPostprocessing = 0;
		};
/* End PBXSourcesBuildPhase section */

/* Begin XCBuildConfiguration section */
		1D6058940D05DD3E006BFB54 /* Debug */ = {
			isa = XCBuildConfiguration;
			buildSettings = {
				ALWAYS_SEARCH_USER_PATHS = NO;
				ASSETCATALOG_COMPILER_APPICON_NAME = AppIcon;
				CODE_SIGN_IDENTITY = "iPhone Developer";
				"CODE_SIGN_IDENTITY[sdk=iphoneos*]" = "iPhone Developer";
				COPY_PHASE_STRIP = NO;
				DEVELOPMENT_TEAM = VDA99CT5ZL;
				FRAMEWORK_SEARCH_PATHS = /Users/alejandramt/Desktop/python_ios_build/dist/frameworks;
				GCC_DYNAMIC_NO_PIC = NO;
				GCC_OPTIMIZATION_LEVEL = 0;
				GCC_PRECOMPILE_PREFIX_HEADER = YES;
				GCC_PREFIX_HEADER = "";
				GCC_PREPROCESSOR_DEFINITIONS = "DEBUG=1";
				GCC_VERSION = com.apple.compilers.llvm.clang.1_0;
				HEADER_SEARCH_PATHS = (
					/Users/alejandramt/Desktop/python_ios_build/dist/root/python/include,
					/Users/alejandramt/Desktop/python_ios_build/dist/include/common/sdl2,
				);
				INFOPLIST_FILE = "mrbeat-Info.plist";
				INFOPLIST_KEY_LSApplicationCategoryType = "public.app-category.games";
				IPHONEOS_DEPLOYMENT_TARGET = 8.1;
				LIBRARY_SEARCH_PATHS = (
					"$(inherited)",
					/Users/alejandramt/Desktop/python_ios_build/dist/lib,
					"$(SRCROOT)/../dist/lib",
				);
				ONLY_ACTIVE_ARCH = NO;
				OTHER_LDFLAGS = "-all_load";
				PRODUCT_BUNDLE_IDENTIFIER = org.kivy.mrbeat;
				PRODUCT_NAME = mrbeat;
				PROVISIONING_PROFILE = "";
				"PROVISIONING_PROFILE[sdk=iphoneos*]" = "";
				SDKROOT = iphoneos;
				STRIP_INSTALLED_PRODUCT = NO;
				TARGETED_DEVICE_FAMILY = "1,2";
				USER_HEADER_SEARCH_PATHS = "";
			};
			name = Debug;
		};
		1D6058950D05DD3E006BFB54 /* Release */ = {
			isa = XCBuildConfiguration;
			buildSettings = {
				ALWAYS_SEARCH_USER_PATHS = NO;
				ASSETCATALOG_COMPILER_APPICON_NAME = AppIcon;
				CODE_SIGN_IDENTITY = "iPhone Developer";
				"CODE_SIGN_IDENTITY[sdk=iphoneos*]" = "iPhone Developer";
				CODE_SIGN_RESOURCE_RULES_PATH = "$(SDKROOT)/ResourceRules.plist";
				COPY_PHASE_STRIP = NO;
				DEVELOPMENT_TEAM = VDA99CT5ZL;
				FRAMEWORK_SEARCH_PATHS = /Users/alejandramt/Desktop/python_ios_build/dist/frameworks;
				GCC_PRECOMPILE_PREFIX_HEADER = YES;
				GCC_PREFIX_HEADER = "";
				GCC_VERSION = com.apple.compilers.llvm.clang.1_0;
				HEADER_SEARCH_PATHS = (
					"\"$(PROJECT_DIR)/../build/include\"",
					"\"$(PROJECT_DIR)/../build/python/include\"",
				);
				INFOPLIST_FILE = "mrbeat-Info.plist";
				INFOPLIST_KEY_LSApplicationCategoryType = "public.app-category.games";
				IPHONEOS_DEPLOYMENT_TARGET = 8.1;
				LIBRARY_SEARCH_PATHS = (
					"$(inherited)",
					"\"$(PROJECT_DIR)/../build/lib\"",
					"$(SRCROOT)/../dist/lib",
				);
				OTHER_LDFLAGS = "-all_load";
				PRODUCT_BUNDLE_IDENTIFIER = org.kivy.mrbeat;
				PRODUCT_NAME = mrbeat;
				PROVISIONING_PROFILE = "";
				"PROVISIONING_PROFILE[sdk=iphoneos*]" = "";
				SDKROOT = iphoneos;
				SKIP_INSTALL = NO;
				STRIP_INSTALLED_PRODUCT = NO;
				TARGETED_DEVICE_FAMILY = "1,2";
				VALIDATE_PRODUCT = YES;
			};
			name = Release;
		};
		C01FCF4F08A954540054247B /* Debug */ = {
			isa = XCBuildConfiguration;
			buildSettings = {
				ARCHS = "$(ARCHS_STANDARD_64_BIT)";
				DEAD_CODE_STRIPPING = NO;
				ENABLE_BITCODE = NO;
				USER_HEADER_SEARCH_PATHS = /Users/alejandramt/Desktop/python_ios_build/dist/root/include/;
			};
			name = Debug;
		};
		C01FCF5008A954540054247B /* Release */ = {
			isa = XCBuildConfiguration;
			buildSettings = {
				ARCHS = "$(ARCHS_STANDARD_64_BIT)";
				DEAD_CODE_STRIPPING = NO;
				ENABLE_BITCODE = NO;
				OTHER_CFLAGS = "-DNS_BLOCK_ASSERTIONS=1";
				USER_HEADER_SEARCH_PATHS = /Users/alejandramt/Desktop/python_ios_build/dist/root/include/;
			};
			name = Release;
		};
/* End XCBuildConfiguration section */

/* Begin XCConfigurationList section */
		1D6058960D05DD3E006BFB54 /* Build configuration list for PBXNativeTarget "mrbeat" */ = {
			isa = XCConfigurationList;
			buildConfigurations = (
				1D6058940D05DD3E006BFB54 /* Debug */,
				1D6058950D05DD3E006BFB54 /* Release */,
			);
			defaultConfigurationIsVisible = 0;
			defaultConfigurationName = Release;
		};
		C01FCF4E08A954540054247B /* Build configuration list for PBXProject "mrbeat" */ = {
			isa = XCConfigurationList;
			buildConfigurations = (
				C01FCF4F08A954540054247B /* Debug */,
				C01FCF5008A954540054247B /* Release */,
			);
			defaultConfigurationIsVisible = 0;
			defaultConfigurationName = Release;
		};
/* End XCConfigurationList section */
	};
	rootObject = 29B97313FDCFA39411CA2CEA /* Project object */;
}
